// !$*UTF8*$!
{
	archiveVersion = 1;
	classes = {
	};
	objectVersion = 46;
	objects = {

/* Begin PBXBuildFile section */
		5E34344F1BDFBFE0007EEFE5 /* DeckLibraryTableViewController.swift in Sources */ = {isa = PBXBuildFile; fileRef = 5E34344E1BDFBFE0007EEFE5 /* DeckLibraryTableViewController.swift */; };
		5E3434541BDFC277007EEFE5 /* 1.json in Resources */ = {isa = PBXBuildFile; fileRef = 5E3434501BDFC277007EEFE5 /* 1.json */; };
		5E3434551BDFC277007EEFE5 /* 2.json in Resources */ = {isa = PBXBuildFile; fileRef = 5E3434511BDFC277007EEFE5 /* 2.json */; };
		5E3434561BDFC277007EEFE5 /* 3.json in Resources */ = {isa = PBXBuildFile; fileRef = 5E3434521BDFC277007EEFE5 /* 3.json */; };
		5E3434571BDFC277007EEFE5 /* sets.json in Resources */ = {isa = PBXBuildFile; fileRef = 5E3434531BDFC277007EEFE5 /* sets.json */; };
		5E3434591BDFC682007EEFE5 /* DeckLibrary.swift in Sources */ = {isa = PBXBuildFile; fileRef = 5E3434581BDFC682007EEFE5 /* DeckLibrary.swift */; };
		5E34345B1BDFC802007EEFE5 /* DeckDownload.swift in Sources */ = {isa = PBXBuildFile; fileRef = 5E34345A1BDFC802007EEFE5 /* DeckDownload.swift */; };
		5E63B5EA1BDFCD780053DF53 /* JSONResource.swift in Sources */ = {isa = PBXBuildFile; fileRef = 5E63B5E91BDFCD780053DF53 /* JSONResource.swift */; };
		5E8A8B881BE20D9B00673349 /* Flashcards.xcdatamodeld in Sources */ = {isa = PBXBuildFile; fileRef = 5E8A8B861BE20D9B00673349 /* Flashcards.xcdatamodeld */; };
		5E8A8B8C1BE213DF00673349 /* Deck+CoreDataProperties.swift in Sources */ = {isa = PBXBuildFile; fileRef = 5E8A8B8A1BE213DF00673349 /* Deck+CoreDataProperties.swift */; };
		5E8A8B8D1BE213DF00673349 /* Card+CoreDataProperties.swift in Sources */ = {isa = PBXBuildFile; fileRef = 5E8A8B8B1BE213DF00673349 /* Card+CoreDataProperties.swift */; };
		5E8A8B8F1BE2184700673349 /* CoreData.swift in Sources */ = {isa = PBXBuildFile; fileRef = 5E8A8B8E1BE2184700673349 /* CoreData.swift */; };
		5EB74E5C1BDE1F8900FD62FE /* AppDelegate.swift in Sources */ = {isa = PBXBuildFile; fileRef = 5EB74E5B1BDE1F8900FD62FE /* AppDelegate.swift */; };
		5EB74E611BDE1F8900FD62FE /* Main.storyboard in Resources */ = {isa = PBXBuildFile; fileRef = 5EB74E5F1BDE1F8900FD62FE /* Main.storyboard */; };
		5EB74E631BDE1F8900FD62FE /* Assets.xcassets in Resources */ = {isa = PBXBuildFile; fileRef = 5EB74E621BDE1F8900FD62FE /* Assets.xcassets */; };
		5EB74E661BDE1F8900FD62FE /* LaunchScreen.storyboard in Resources */ = {isa = PBXBuildFile; fileRef = 5EB74E641BDE1F8900FD62FE /* LaunchScreen.storyboard */; };
		5EB74E711BDE1F8900FD62FE /* FlashcardTests.swift in Sources */ = {isa = PBXBuildFile; fileRef = 5EB74E701BDE1F8900FD62FE /* FlashcardTests.swift */; };
		5EB74E7C1BDE1F8900FD62FE /* FlashcardUITests.swift in Sources */ = {isa = PBXBuildFile; fileRef = 5EB74E7B1BDE1F8900FD62FE /* FlashcardUITests.swift */; };
		5EB74E8B1BDE5E8200FD62FE /* Card.swift in Sources */ = {isa = PBXBuildFile; fileRef = 5EB74E8A1BDE5E8200FD62FE /* Card.swift */; };
		5EB74E8D1BDE5E9800FD62FE /* Deck.swift in Sources */ = {isa = PBXBuildFile; fileRef = 5EB74E8C1BDE5E9800FD62FE /* Deck.swift */; };
		5EB74E8F1BDE5EBD00FD62FE /* FlashcardsModel.swift in Sources */ = {isa = PBXBuildFile; fileRef = 5EB74E8E1BDE5EBD00FD62FE /* FlashcardsModel.swift */; };
		5EB74E951BDE819600FD62FE /* CardViewController.swift in Sources */ = {isa = PBXBuildFile; fileRef = 5EB74E941BDE819600FD62FE /* CardViewController.swift */; };
		5EB74E971BDF791C00FD62FE /* AddDecksTableViewController.swift in Sources */ = {isa = PBXBuildFile; fileRef = 5EB74E961BDF791C00FD62FE /* AddDecksTableViewController.swift */; };
		5EB74E991BDF80ED00FD62FE /* DecksTableViewController.swift in Sources */ = {isa = PBXBuildFile; fileRef = 5EB74E981BDF80ED00FD62FE /* DecksTableViewController.swift */; };
		5EF91B6B1BE113DD00D6333F /* quizlet.txt in Resources */ = {isa = PBXBuildFile; fileRef = 5EF91B6A1BE113DD00D6333F /* quizlet.txt */; };
		C8A305422A9300D8DC621D69 /* Pods_Flashcard.framework in Frameworks */ = {isa = PBXBuildFile; fileRef = 560BB5E84F929DC1596D3CDB /* Pods_Flashcard.framework */; };
/* End PBXBuildFile section */

/* Begin PBXContainerItemProxy section */
		5EB74E6D1BDE1F8900FD62FE /* PBXContainerItemProxy */ = {
			isa = PBXContainerItemProxy;
			containerPortal = 5EB74E501BDE1F8900FD62FE /* Project object */;
			proxyType = 1;
			remoteGlobalIDString = 5EB74E571BDE1F8900FD62FE;
			remoteInfo = Flashcard;
		};
		5EB74E781BDE1F8900FD62FE /* PBXContainerItemProxy */ = {
			isa = PBXContainerItemProxy;
			containerPortal = 5EB74E501BDE1F8900FD62FE /* Project object */;
			proxyType = 1;
			remoteGlobalIDString = 5EB74E571BDE1F8900FD62FE;
			remoteInfo = Flashcard;
		};
/* End PBXContainerItemProxy section */

/* Begin PBXFileReference section */
		560BB5E84F929DC1596D3CDB /* Pods_Flashcard.framework */ = {isa = PBXFileReference; explicitFileType = wrapper.framework; includeInIndex = 0; path = Pods_Flashcard.framework; sourceTree = BUILT_PRODUCTS_DIR; };
		5E34344E1BDFBFE0007EEFE5 /* DeckLibraryTableViewController.swift */ = {isa = PBXFileReference; fileEncoding = 4; lastKnownFileType = sourcecode.swift; path = DeckLibraryTableViewController.swift; sourceTree = "<group>"; };
		5E3434501BDFC277007EEFE5 /* 1.json */ = {isa = PBXFileReference; fileEncoding = 4; lastKnownFileType = text.json; path = 1.json; sourceTree = "<group>"; };
		5E3434511BDFC277007EEFE5 /* 2.json */ = {isa = PBXFileReference; fileEncoding = 4; lastKnownFileType = text.json; path = 2.json; sourceTree = "<group>"; };
		5E3434521BDFC277007EEFE5 /* 3.json */ = {isa = PBXFileReference; fileEncoding = 4; lastKnownFileType = text.json; path = 3.json; sourceTree = "<group>"; };
		5E3434531BDFC277007EEFE5 /* sets.json */ = {isa = PBXFileReference; fileEncoding = 4; lastKnownFileType = text.json; path = sets.json; sourceTree = "<group>"; };
		5E3434581BDFC682007EEFE5 /* DeckLibrary.swift */ = {isa = PBXFileReference; fileEncoding = 4; lastKnownFileType = sourcecode.swift; path = DeckLibrary.swift; sourceTree = "<group>"; };
		5E34345A1BDFC802007EEFE5 /* DeckDownload.swift */ = {isa = PBXFileReference; fileEncoding = 4; lastKnownFileType = sourcecode.swift; path = DeckDownload.swift; sourceTree = "<group>"; };
		5E63B5E91BDFCD780053DF53 /* JSONResource.swift */ = {isa = PBXFileReference; fileEncoding = 4; lastKnownFileType = sourcecode.swift; path = JSONResource.swift; sourceTree = "<group>"; };
		5E8A8B871BE20D9B00673349 /* Flashcards.xcdatamodel */ = {isa = PBXFileReference; lastKnownFileType = wrapper.xcdatamodel; path = Flashcards.xcdatamodel; sourceTree = "<group>"; };
		5E8A8B8A1BE213DF00673349 /* Deck+CoreDataProperties.swift */ = {isa = PBXFileReference; fileEncoding = 4; lastKnownFileType = sourcecode.swift; path = "Deck+CoreDataProperties.swift"; sourceTree = "<group>"; };
		5E8A8B8B1BE213DF00673349 /* Card+CoreDataProperties.swift */ = {isa = PBXFileReference; fileEncoding = 4; lastKnownFileType = sourcecode.swift; path = "Card+CoreDataProperties.swift"; sourceTree = "<group>"; };
		5E8A8B8E1BE2184700673349 /* CoreData.swift */ = {isa = PBXFileReference; fileEncoding = 4; lastKnownFileType = sourcecode.swift; path = CoreData.swift; sourceTree = "<group>"; };
		5E8A8B911BE229D400673349 /* Flashcards 2.xcdatamodel */ = {isa = PBXFileReference; lastKnownFileType = wrapper.xcdatamodel; path = "Flashcards 2.xcdatamodel"; sourceTree = "<group>"; };
		5E8A8B921BE258C800673349 /* de */ = {isa = PBXFileReference; lastKnownFileType = text.plist.strings; name = de; path = de.lproj/Main.strings; sourceTree = "<group>"; };
		5E8A8B931BE258C800673349 /* de */ = {isa = PBXFileReference; lastKnownFileType = text.plist.strings; name = de; path = de.lproj/LaunchScreen.strings; sourceTree = "<group>"; };
		5E8A8B941BE2598700673349 /* ru */ = {isa = PBXFileReference; lastKnownFileType = text.plist.strings; name = ru; path = ru.lproj/Main.strings; sourceTree = "<group>"; };
		5E8A8B951BE2598700673349 /* ru */ = {isa = PBXFileReference; lastKnownFileType = text.plist.strings; name = ru; path = ru.lproj/LaunchScreen.strings; sourceTree = "<group>"; };
		5EB74E581BDE1F8900FD62FE /* Flashcard.app */ = {isa = PBXFileReference; explicitFileType = wrapper.application; includeInIndex = 0; path = Flashcard.app; sourceTree = BUILT_PRODUCTS_DIR; };
		5EB74E5B1BDE1F8900FD62FE /* AppDelegate.swift */ = {isa = PBXFileReference; lastKnownFileType = sourcecode.swift; path = AppDelegate.swift; sourceTree = "<group>"; };
		5EB74E601BDE1F8900FD62FE /* Base */ = {isa = PBXFileReference; lastKnownFileType = file.storyboard; name = Base; path = Base.lproj/Main.storyboard; sourceTree = "<group>"; };
		5EB74E621BDE1F8900FD62FE /* Assets.xcassets */ = {isa = PBXFileReference; lastKnownFileType = folder.assetcatalog; path = Assets.xcassets; sourceTree = "<group>"; };
		5EB74E651BDE1F8900FD62FE /* Base */ = {isa = PBXFileReference; lastKnownFileType = file.storyboard; name = Base; path = Base.lproj/LaunchScreen.storyboard; sourceTree = "<group>"; };
		5EB74E671BDE1F8900FD62FE /* Info.plist */ = {isa = PBXFileReference; lastKnownFileType = text.plist.xml; path = Info.plist; sourceTree = "<group>"; };
		5EB74E6C1BDE1F8900FD62FE /* FlashcardTests.xctest */ = {isa = PBXFileReference; explicitFileType = wrapper.cfbundle; includeInIndex = 0; path = FlashcardTests.xctest; sourceTree = BUILT_PRODUCTS_DIR; };
		5EB74E701BDE1F8900FD62FE /* FlashcardTests.swift */ = {isa = PBXFileReference; lastKnownFileType = sourcecode.swift; path = FlashcardTests.swift; sourceTree = "<group>"; };
		5EB74E721BDE1F8900FD62FE /* Info.plist */ = {isa = PBXFileReference; lastKnownFileType = text.plist.xml; path = Info.plist; sourceTree = "<group>"; };
		5EB74E771BDE1F8900FD62FE /* FlashcardUITests.xctest */ = {isa = PBXFileReference; explicitFileType = wrapper.cfbundle; includeInIndex = 0; path = FlashcardUITests.xctest; sourceTree = BUILT_PRODUCTS_DIR; };
		5EB74E7B1BDE1F8900FD62FE /* FlashcardUITests.swift */ = {isa = PBXFileReference; lastKnownFileType = sourcecode.swift; path = FlashcardUITests.swift; sourceTree = "<group>"; };
		5EB74E7D1BDE1F8900FD62FE /* Info.plist */ = {isa = PBXFileReference; lastKnownFileType = text.plist.xml; path = Info.plist; sourceTree = "<group>"; };
		5EB74E8A1BDE5E8200FD62FE /* Card.swift */ = {isa = PBXFileReference; fileEncoding = 4; lastKnownFileType = sourcecode.swift; path = Card.swift; sourceTree = "<group>"; };
		5EB74E8C1BDE5E9800FD62FE /* Deck.swift */ = {isa = PBXFileReference; fileEncoding = 4; lastKnownFileType = sourcecode.swift; path = Deck.swift; sourceTree = "<group>"; };
		5EB74E8E1BDE5EBD00FD62FE /* FlashcardsModel.swift */ = {isa = PBXFileReference; fileEncoding = 4; lastKnownFileType = sourcecode.swift; path = FlashcardsModel.swift; sourceTree = "<group>"; };
		5EB74E941BDE819600FD62FE /* CardViewController.swift */ = {isa = PBXFileReference; fileEncoding = 4; lastKnownFileType = sourcecode.swift; path = CardViewController.swift; sourceTree = "<group>"; };
		5EB74E961BDF791C00FD62FE /* AddDecksTableViewController.swift */ = {isa = PBXFileReference; fileEncoding = 4; lastKnownFileType = sourcecode.swift; path = AddDecksTableViewController.swift; sourceTree = "<group>"; };
		5EB74E981BDF80ED00FD62FE /* DecksTableViewController.swift */ = {isa = PBXFileReference; fileEncoding = 4; lastKnownFileType = sourcecode.swift; path = DecksTableViewController.swift; sourceTree = "<group>"; };
		5EF91B6A1BE113DD00D6333F /* quizlet.txt */ = {isa = PBXFileReference; fileEncoding = 4; lastKnownFileType = text; path = quizlet.txt; sourceTree = "<group>"; };
		734B8A15574B30ABF3D6B1B8 /* Pods-Flashcard.debug.xcconfig */ = {isa = PBXFileReference; includeInIndex = 1; lastKnownFileType = text.xcconfig; name = "Pods-Flashcard.debug.xcconfig"; path = "Pods/Target Support Files/Pods-Flashcard/Pods-Flashcard.debug.xcconfig"; sourceTree = "<group>"; };
		C1BC7E6C800D9C5E5BE263A2 /* Pods-Flashcard.release.xcconfig */ = {isa = PBXFileReference; includeInIndex = 1; lastKnownFileType = text.xcconfig; name = "Pods-Flashcard.release.xcconfig"; path = "Pods/Target Support Files/Pods-Flashcard/Pods-Flashcard.release.xcconfig"; sourceTree = "<group>"; };
/* End PBXFileReference section */

/* Begin PBXFrameworksBuildPhase section */
		5EB74E551BDE1F8900FD62FE /* Frameworks */ = {
			isa = PBXFrameworksBuildPhase;
			buildActionMask = 2147483647;
			files = (
				C8A305422A9300D8DC621D69 /* Pods_Flashcard.framework in Frameworks */,
			);
			runOnlyForDeploymentPostprocessing = 0;
		};
		5EB74E691BDE1F8900FD62FE /* Frameworks */ = {
			isa = PBXFrameworksBuildPhase;
			buildActionMask = 2147483647;
			files = (
			);
			runOnlyForDeploymentPostprocessing = 0;
		};
		5EB74E741BDE1F8900FD62FE /* Frameworks */ = {
			isa = PBXFrameworksBuildPhase;
			buildActionMask = 2147483647;
			files = (
			);
			runOnlyForDeploymentPostprocessing = 0;
		};
/* End PBXFrameworksBuildPhase section */

/* Begin PBXGroup section */
		38C047530F2F5EE256A61BE7 /* Pods */ = {
			isa = PBXGroup;
			children = (
				734B8A15574B30ABF3D6B1B8 /* Pods-Flashcard.debug.xcconfig */,
				C1BC7E6C800D9C5E5BE263A2 /* Pods-Flashcard.release.xcconfig */,
			);
			name = Pods;
			sourceTree = "<group>";
		};
		5E63B5E81BDFCD560053DF53 /* helper */ = {
			isa = PBXGroup;
			children = (
				5E8A8B8E1BE2184700673349 /* CoreData.swift */,
				5E63B5E91BDFCD780053DF53 /* JSONResource.swift */,
			);
			name = helper;
			sourceTree = "<group>";
		};
		5E8A8B891BE20DA500673349 /* mock */ = {
			isa = PBXGroup;
			children = (
				5E3434501BDFC277007EEFE5 /* 1.json */,
				5E3434511BDFC277007EEFE5 /* 2.json */,
				5E3434521BDFC277007EEFE5 /* 3.json */,
				5E3434531BDFC277007EEFE5 /* sets.json */,
			);
			name = mock;
			sourceTree = "<group>";
		};
		5E8A8B901BE218ED00673349 /* ui */ = {
			isa = PBXGroup;
			children = (
				5EB74E5F1BDE1F8900FD62FE /* Main.storyboard */,
				5EB74E961BDF791C00FD62FE /* AddDecksTableViewController.swift */,
				5EB74E941BDE819600FD62FE /* CardViewController.swift */,
				5E34344E1BDFBFE0007EEFE5 /* DeckLibraryTableViewController.swift */,
				5EB74E981BDF80ED00FD62FE /* DecksTableViewController.swift */,
			);
			name = ui;
			sourceTree = "<group>";
		};
		5EB74E4F1BDE1F8900FD62FE = {
			isa = PBXGroup;
			children = (
				5EB74E5A1BDE1F8900FD62FE /* Flashcard */,
				5EB74E6F1BDE1F8900FD62FE /* FlashcardTests */,
				5EB74E7A1BDE1F8900FD62FE /* FlashcardUITests */,
				5EB74E591BDE1F8900FD62FE /* Products */,
				38C047530F2F5EE256A61BE7 /* Pods */,
				69521FF2BFFF925E48B1AD39 /* Frameworks */,
			);
			sourceTree = "<group>";
		};
		5EB74E591BDE1F8900FD62FE /* Products */ = {
			isa = PBXGroup;
			children = (
				5EB74E581BDE1F8900FD62FE /* Flashcard.app */,
				5EB74E6C1BDE1F8900FD62FE /* FlashcardTests.xctest */,
				5EB74E771BDE1F8900FD62FE /* FlashcardUITests.xctest */,
			);
			name = Products;
			sourceTree = "<group>";
		};
		5EB74E5A1BDE1F8900FD62FE /* Flashcard */ = {
			isa = PBXGroup;
			children = (
				5E8A8B901BE218ED00673349 /* ui */,
				5E63B5E81BDFCD560053DF53 /* helper */,
				5EB74E891BDE5E5700FD62FE /* model */,
				5EB74E5B1BDE1F8900FD62FE /* AppDelegate.swift */,
				5EB74E621BDE1F8900FD62FE /* Assets.xcassets */,
				5EB74E641BDE1F8900FD62FE /* LaunchScreen.storyboard */,
				5EB74E671BDE1F8900FD62FE /* Info.plist */,
				5EF91B6A1BE113DD00D6333F /* quizlet.txt */,
			);
			path = Flashcard;
			sourceTree = "<group>";
		};
		5EB74E6F1BDE1F8900FD62FE /* FlashcardTests */ = {
			isa = PBXGroup;
			children = (
				5EB74E701BDE1F8900FD62FE /* FlashcardTests.swift */,
				5EB74E721BDE1F8900FD62FE /* Info.plist */,
			);
			path = FlashcardTests;
			sourceTree = "<group>";
		};
		5EB74E7A1BDE1F8900FD62FE /* FlashcardUITests */ = {
			isa = PBXGroup;
			children = (
				5EB74E7B1BDE1F8900FD62FE /* FlashcardUITests.swift */,
				5EB74E7D1BDE1F8900FD62FE /* Info.plist */,
			);
			path = FlashcardUITests;
			sourceTree = "<group>";
		};
		5EB74E891BDE5E5700FD62FE /* model */ = {
			isa = PBXGroup;
			children = (
				5E8A8B891BE20DA500673349 /* mock */,
				5E8A8B8A1BE213DF00673349 /* Deck+CoreDataProperties.swift */,
				5E8A8B8B1BE213DF00673349 /* Card+CoreDataProperties.swift */,
				5EB74E8A1BDE5E8200FD62FE /* Card.swift */,
				5EB74E8C1BDE5E9800FD62FE /* Deck.swift */,
				5EB74E8E1BDE5EBD00FD62FE /* FlashcardsModel.swift */,
				5E3434581BDFC682007EEFE5 /* DeckLibrary.swift */,
				5E34345A1BDFC802007EEFE5 /* DeckDownload.swift */,
				5E8A8B861BE20D9B00673349 /* Flashcards.xcdatamodeld */,
			);
			name = model;
			sourceTree = "<group>";
		};
		69521FF2BFFF925E48B1AD39 /* Frameworks */ = {
			isa = PBXGroup;
			children = (
				560BB5E84F929DC1596D3CDB /* Pods_Flashcard.framework */,
			);
			name = Frameworks;
			sourceTree = "<group>";
		};
/* End PBXGroup section */

/* Begin PBXNativeTarget section */
		5EB74E571BDE1F8900FD62FE /* Flashcard */ = {
			isa = PBXNativeTarget;
			buildConfigurationList = 5EB74E801BDE1F8900FD62FE /* Build configuration list for PBXNativeTarget "Flashcard" */;
			buildPhases = (
				663AA9C16235E3B0642F7FC4 /* Check Pods Manifest.lock */,
				5EB74E541BDE1F8900FD62FE /* Sources */,
				5EB74E551BDE1F8900FD62FE /* Frameworks */,
				5EB74E561BDE1F8900FD62FE /* Resources */,
				B1353FC97E4AA00F3E9B4468 /* Embed Pods Frameworks */,
				DD5549C04A89C4258EA5C633 /* Copy Pods Resources */,
			);
			buildRules = (
			);
			dependencies = (
			);
			name = Flashcard;
			productName = Flashcard;
			productReference = 5EB74E581BDE1F8900FD62FE /* Flashcard.app */;
			productType = "com.apple.product-type.application";
		};
		5EB74E6B1BDE1F8900FD62FE /* FlashcardTests */ = {
			isa = PBXNativeTarget;
			buildConfigurationList = 5EB74E831BDE1F8900FD62FE /* Build configuration list for PBXNativeTarget "FlashcardTests" */;
			buildPhases = (
				5EB74E681BDE1F8900FD62FE /* Sources */,
				5EB74E691BDE1F8900FD62FE /* Frameworks */,
				5EB74E6A1BDE1F8900FD62FE /* Resources */,
			);
			buildRules = (
			);
			dependencies = (
				5EB74E6E1BDE1F8900FD62FE /* PBXTargetDependency */,
			);
			name = FlashcardTests;
			productName = FlashcardTests;
			productReference = 5EB74E6C1BDE1F8900FD62FE /* FlashcardTests.xctest */;
			productType = "com.apple.product-type.bundle.unit-test";
		};
		5EB74E761BDE1F8900FD62FE /* FlashcardUITests */ = {
			isa = PBXNativeTarget;
			buildConfigurationList = 5EB74E861BDE1F8900FD62FE /* Build configuration list for PBXNativeTarget "FlashcardUITests" */;
			buildPhases = (
				5EB74E731BDE1F8900FD62FE /* Sources */,
				5EB74E741BDE1F8900FD62FE /* Frameworks */,
				5EB74E751BDE1F8900FD62FE /* Resources */,
			);
			buildRules = (
			);
			dependencies = (
				5EB74E791BDE1F8900FD62FE /* PBXTargetDependency */,
			);
			name = FlashcardUITests;
			productName = FlashcardUITests;
			productReference = 5EB74E771BDE1F8900FD62FE /* FlashcardUITests.xctest */;
			productType = "com.apple.product-type.bundle.ui-testing";
		};
/* End PBXNativeTarget section */

/* Begin PBXProject section */
		5EB74E501BDE1F8900FD62FE /* Project object */ = {
			isa = PBXProject;
			attributes = {
				LastSwiftUpdateCheck = 0710;
				LastUpgradeCheck = 0710;
				ORGANIZATIONNAME = "T-Systems";
				TargetAttributes = {
					5EB74E571BDE1F8900FD62FE = {
						CreatedOnToolsVersion = 7.1;
					};
					5EB74E6B1BDE1F8900FD62FE = {
						CreatedOnToolsVersion = 7.1;
						TestTargetID = 5EB74E571BDE1F8900FD62FE;
					};
					5EB74E761BDE1F8900FD62FE = {
						CreatedOnToolsVersion = 7.1;
						TestTargetID = 5EB74E571BDE1F8900FD62FE;
					};
				};
			};
			buildConfigurationList = 5EB74E531BDE1F8900FD62FE /* Build configuration list for PBXProject "Flashcard" */;
			compatibilityVersion = "Xcode 3.2";
			developmentRegion = English;
			hasScannedForEncodings = 0;
			knownRegions = (
				en,
				Base,
			);
			mainGroup = 5EB74E4F1BDE1F8900FD62FE;
			productRefGroup = 5EB74E591BDE1F8900FD62FE /* Products */;
			projectDirPath = "";
			projectRoot = "";
			targets = (
				5EB74E571BDE1F8900FD62FE /* Flashcard */,
				5EB74E6B1BDE1F8900FD62FE /* FlashcardTests */,
				5EB74E761BDE1F8900FD62FE /* FlashcardUITests */,
			);
		};
/* End PBXProject section */

/* Begin PBXResourcesBuildPhase section */
		5EB74E561BDE1F8900FD62FE /* Resources */ = {
			isa = PBXResourcesBuildPhase;
			buildActionMask = 2147483647;
			files = (
				5E3434551BDFC277007EEFE5 /* 2.json in Resources */,
				5EB74E661BDE1F8900FD62FE /* LaunchScreen.storyboard in Resources */,
				5EB74E631BDE1F8900FD62FE /* Assets.xcassets in Resources */,
				5E3434561BDFC277007EEFE5 /* 3.json in Resources */,
				5EB74E611BDE1F8900FD62FE /* Main.storyboard in Resources */,
				5E3434571BDFC277007EEFE5 /* sets.json in Resources */,
				5E3434541BDFC277007EEFE5 /* 1.json in Resources */,
				5EF91B6B1BE113DD00D6333F /* quizlet.txt in Resources */,
			);
			runOnlyForDeploymentPostprocessing = 0;
		};
		5EB74E6A1BDE1F8900FD62FE /* Resources */ = {
			isa = PBXResourcesBuildPhase;
			buildActionMask = 2147483647;
			files = (
			);
			runOnlyForDeploymentPostprocessing = 0;
		};
		5EB74E751BDE1F8900FD62FE /* Resources */ = {
			isa = PBXResourcesBuildPhase;
			buildActionMask = 2147483647;
			files = (
			);
			runOnlyForDeploymentPostprocessing = 0;
		};
/* End PBXResourcesBuildPhase section */

/* Begin PBXShellScriptBuildPhase section */
		663AA9C16235E3B0642F7FC4 /* Check Pods Manifest.lock */ = {
			isa = PBXShellScriptBuildPhase;
			buildActionMask = 2147483647;
			files = (
			);
			inputPaths = (
			);
			name = "Check Pods Manifest.lock";
			outputPaths = (
			);
			runOnlyForDeploymentPostprocessing = 0;
			shellPath = /bin/sh;
			shellScript = "diff \"${PODS_ROOT}/../Podfile.lock\" \"${PODS_ROOT}/Manifest.lock\" > /dev/null\nif [[ $? != 0 ]] ; then\n    cat << EOM\nerror: The sandbox is not in sync with the Podfile.lock. Run 'pod install' or update your CocoaPods installation.\nEOM\n    exit 1\nfi\n";
			showEnvVarsInLog = 0;
		};
		B1353FC97E4AA00F3E9B4468 /* Embed Pods Frameworks */ = {
			isa = PBXShellScriptBuildPhase;
			buildActionMask = 2147483647;
			files = (
			);
			inputPaths = (
			);
			name = "Embed Pods Frameworks";
			outputPaths = (
			);
			runOnlyForDeploymentPostprocessing = 0;
			shellPath = /bin/sh;
			shellScript = "\"${SRCROOT}/Pods/Target Support Files/Pods-Flashcard/Pods-Flashcard-frameworks.sh\"\n";
			showEnvVarsInLog = 0;
		};
		DD5549C04A89C4258EA5C633 /* Copy Pods Resources */ = {
			isa = PBXShellScriptBuildPhase;
			buildActionMask = 2147483647;
			files = (
			);
			inputPaths = (
			);
			name = "Copy Pods Resources";
			outputPaths = (
			);
			runOnlyForDeploymentPostprocessing = 0;
			shellPath = /bin/sh;
			shellScript = "\"${SRCROOT}/Pods/Target Support Files/Pods-Flashcard/Pods-Flashcard-resources.sh\"\n";
			showEnvVarsInLog = 0;
		};
/* End PBXShellScriptBuildPhase section */

/* Begin PBXSourcesBuildPhase section */
		5EB74E541BDE1F8900FD62FE /* Sources */ = {
			isa = PBXSourcesBuildPhase;
			buildActionMask = 2147483647;
			files = (
				5EB74E8D1BDE5E9800FD62FE /* Deck.swift in Sources */,
				5E8A8B8D1BE213DF00673349 /* Card+CoreDataProperties.swift in Sources */,
				5EB74E8B1BDE5E8200FD62FE /* Card.swift in Sources */,
				5E63B5EA1BDFCD780053DF53 /* JSONResource.swift in Sources */,
				5E8A8B8F1BE2184700673349 /* CoreData.swift in Sources */,
				5E8A8B8C1BE213DF00673349 /* Deck+CoreDataProperties.swift in Sources */,
				5E34345B1BDFC802007EEFE5 /* DeckDownload.swift in Sources */,
				5E34344F1BDFBFE0007EEFE5 /* DeckLibraryTableViewController.swift in Sources */,
				5EB74E971BDF791C00FD62FE /* AddDecksTableViewController.swift in Sources */,
				5E3434591BDFC682007EEFE5 /* DeckLibrary.swift in Sources */,
				5EB74E951BDE819600FD62FE /* CardViewController.swift in Sources */,
				5EB74E991BDF80ED00FD62FE /* DecksTableViewController.swift in Sources */,
				5EB74E5C1BDE1F8900FD62FE /* AppDelegate.swift in Sources */,
				5E8A8B881BE20D9B00673349 /* Flashcards.xcdatamodeld in Sources */,
				5EB74E8F1BDE5EBD00FD62FE /* FlashcardsModel.swift in Sources */,
			);
			runOnlyForDeploymentPostprocessing = 0;
		};
		5EB74E681BDE1F8900FD62FE /* Sources */ = {
			isa = PBXSourcesBuildPhase;
			buildActionMask = 2147483647;
			files = (
				5EB74E711BDE1F8900FD62FE /* FlashcardTests.swift in Sources */,
			);
			runOnlyForDeploymentPostprocessing = 0;
		};
		5EB74E731BDE1F8900FD62FE /* Sources */ = {
			isa = PBXSourcesBuildPhase;
			buildActionMask = 2147483647;
			files = (
				5EB74E7C1BDE1F8900FD62FE /* FlashcardUITests.swift in Sources */,
			);
			runOnlyForDeploymentPostprocessing = 0;
		};
/* End PBXSourcesBuildPhase section */

/* Begin PBXTargetDependency section */
		5EB74E6E1BDE1F8900FD62FE /* PBXTargetDependency */ = {
			isa = PBXTargetDependency;
			target = 5EB74E571BDE1F8900FD62FE /* Flashcard */;
			targetProxy = 5EB74E6D1BDE1F8900FD62FE /* PBXContainerItemProxy */;
		};
		5EB74E791BDE1F8900FD62FE /* PBXTargetDependency */ = {
			isa = PBXTargetDependency;
			target = 5EB74E571BDE1F8900FD62FE /* Flashcard */;
			targetProxy = 5EB74E781BDE1F8900FD62FE /* PBXContainerItemProxy */;
		};
/* End PBXTargetDependency section */

/* Begin PBXVariantGroup section */
		5EB74E5F1BDE1F8900FD62FE /* Main.storyboard */ = {
			isa = PBXVariantGroup;
			children = (
				5EB74E601BDE1F8900FD62FE /* Base */,
				5E8A8B921BE258C800673349 /* de */,
				5E8A8B941BE2598700673349 /* ru */,
			);
			name = Main.storyboard;
			sourceTree = "<group>";
		};
		5EB74E641BDE1F8900FD62FE /* LaunchScreen.storyboard */ = {
			isa = PBXVariantGroup;
			children = (
				5EB74E651BDE1F8900FD62FE /* Base */,
				5E8A8B931BE258C800673349 /* de */,
				5E8A8B951BE2598700673349 /* ru */,
			);
			name = LaunchScreen.storyboard;
			sourceTree = "<group>";
		};
/* End PBXVariantGroup section */

/* Begin XCBuildConfiguration section */
		5EB74E7E1BDE1F8900FD62FE /* Debug */ = {
			isa = XCBuildConfiguration;
			buildSettings = {
				ALWAYS_SEARCH_USER_PATHS = NO;
				CLANG_CXX_LANGUAGE_STANDARD = "gnu++0x";
				CLANG_CXX_LIBRARY = "libc++";
				CLANG_ENABLE_MODULES = YES;
				CLANG_ENABLE_OBJC_ARC = YES;
				CLANG_WARN_BOOL_CONVERSION = YES;
				CLANG_WARN_CONSTANT_CONVERSION = YES;
				CLANG_WARN_DIRECT_OBJC_ISA_USAGE = YES_ERROR;
				CLANG_WARN_EMPTY_BODY = YES;
				CLANG_WARN_ENUM_CONVERSION = YES;
				CLANG_WARN_INT_CONVERSION = YES;
				CLANG_WARN_OBJC_ROOT_CLASS = YES_ERROR;
				CLANG_WARN_UNREACHABLE_CODE = YES;
				CLANG_WARN__DUPLICATE_METHOD_MATCH = YES;
				"CODE_SIGN_IDENTITY[sdk=iphoneos*]" = "iPhone Developer";
				COPY_PHASE_STRIP = NO;
				DEBUG_INFORMATION_FORMAT = dwarf;
				ENABLE_STRICT_OBJC_MSGSEND = YES;
				ENABLE_TESTABILITY = YES;
				GCC_C_LANGUAGE_STANDARD = gnu99;
				GCC_DYNAMIC_NO_PIC = NO;
				GCC_NO_COMMON_BLOCKS = YES;
				GCC_OPTIMIZATION_LEVEL = 0;
				GCC_PREPROCESSOR_DEFINITIONS = (
					"DEBUG=1",
					"$(inherited)",
				);
				GCC_WARN_64_TO_32_BIT_CONVERSION = YES;
				GCC_WARN_ABOUT_RETURN_TYPE = YES_ERROR;
				GCC_WARN_UNDECLARED_SELECTOR = YES;
				GCC_WARN_UNINITIALIZED_AUTOS = YES_AGGRESSIVE;
				GCC_WARN_UNUSED_FUNCTION = YES;
				GCC_WARN_UNUSED_VARIABLE = YES;
				IPHONEOS_DEPLOYMENT_TARGET = 9.0;
				MTL_ENABLE_DEBUG_INFO = YES;
				ONLY_ACTIVE_ARCH = YES;
				SDKROOT = iphoneos;
				SWIFT_OPTIMIZATION_LEVEL = "-Onone";
			};
			name = Debug;
		};
		5EB74E7F1BDE1F8900FD62FE /* Release */ = {
			isa = XCBuildConfiguration;
			buildSettings = {
				ALWAYS_SEARCH_USER_PATHS = NO;
				CLANG_CXX_LANGUAGE_STANDARD = "gnu++0x";
				CLANG_CXX_LIBRARY = "libc++";
				CLANG_ENABLE_MODULES = YES;
				CLANG_ENABLE_OBJC_ARC = YES;
				CLANG_WARN_BOOL_CONVERSION = YES;
				CLANG_WARN_CONSTANT_CONVERSION = YES;
				CLANG_WARN_DIRECT_OBJC_ISA_USAGE = YES_ERROR;
				CLANG_WARN_EMPTY_BODY = YES;
				CLANG_WARN_ENUM_CONVERSION = YES;
				CLANG_WARN_INT_CONVERSION = YES;
				CLANG_WARN_OBJC_ROOT_CLASS = YES_ERROR;
				CLANG_WARN_UNREACHABLE_CODE = YES;
				CLANG_WARN__DUPLICATE_METHOD_MATCH = YES;
				"CODE_SIGN_IDENTITY[sdk=iphoneos*]" = "iPhone Developer";
				COPY_PHASE_STRIP = NO;
				DEBUG_INFORMATION_FORMAT = "dwarf-with-dsym";
				ENABLE_NS_ASSERTIONS = NO;
				ENABLE_STRICT_OBJC_MSGSEND = YES;
				GCC_C_LANGUAGE_STANDARD = gnu99;
				GCC_NO_COMMON_BLOCKS = YES;
				GCC_WARN_64_TO_32_BIT_CONVERSION = YES;
				GCC_WARN_ABOUT_RETURN_TYPE = YES_ERROR;
				GCC_WARN_UNDECLARED_SELECTOR = YES;
				GCC_WARN_UNINITIALIZED_AUTOS = YES_AGGRESSIVE;
				GCC_WARN_UNUSED_FUNCTION = YES;
				GCC_WARN_UNUSED_VARIABLE = YES;
				IPHONEOS_DEPLOYMENT_TARGET = 9.0;
				MTL_ENABLE_DEBUG_INFO = NO;
				SDKROOT = iphoneos;
				VALIDATE_PRODUCT = YES;
			};
			name = Release;
		};
		5EB74E811BDE1F8900FD62FE /* Debug */ = {
			isa = XCBuildConfiguration;
			baseConfigurationReference = 734B8A15574B30ABF3D6B1B8 /* Pods-Flashcard.debug.xcconfig */;
			buildSettings = {
				ASSETCATALOG_COMPILER_APPICON_NAME = AppIcon;
				INFOPLIST_FILE = Flashcard/Info.plist;
				LD_RUNPATH_SEARCH_PATHS = "$(inherited) @executable_path/Frameworks";
				PRODUCT_BUNDLE_IDENTIFIER = com.tsystems.Flashcard;
				PRODUCT_NAME = "$(TARGET_NAME)";
			};
			name = Debug;
		};
		5EB74E821BDE1F8900FD62FE /* Release */ = {
			isa = XCBuildConfiguration;
			baseConfigurationReference = C1BC7E6C800D9C5E5BE263A2 /* Pods-Flashcard.release.xcconfig */;
			buildSettings = {
				ASSETCATALOG_COMPILER_APPICON_NAME = AppIcon;
				INFOPLIST_FILE = Flashcard/Info.plist;
				LD_RUNPATH_SEARCH_PATHS = "$(inherited) @executable_path/Frameworks";
				PRODUCT_BUNDLE_IDENTIFIER = com.tsystems.Flashcard;
				PRODUCT_NAME = "$(TARGET_NAME)";
			};
			name = Release;
		};
		5EB74E841BDE1F8900FD62FE /* Debug */ = {
			isa = XCBuildConfiguration;
			buildSettings = {
				BUNDLE_LOADER = "$(TEST_HOST)";
				INFOPLIST_FILE = FlashcardTests/Info.plist;
				LD_RUNPATH_SEARCH_PATHS = "$(inherited) @executable_path/Frameworks @loader_path/Frameworks";
				PRODUCT_BUNDLE_IDENTIFIER = com.tsystems.FlashcardTests;
				PRODUCT_NAME = "$(TARGET_NAME)";
				TEST_HOST = "$(BUILT_PRODUCTS_DIR)/Flashcard.app/Flashcard";
			};
			name = Debug;
		};
		5EB74E851BDE1F8900FD62FE /* Release */ = {
			isa = XCBuildConfiguration;
			buildSettings = {
				BUNDLE_LOADER = "$(TEST_HOST)";
				INFOPLIST_FILE = FlashcardTests/Info.plist;
				LD_RUNPATH_SEARCH_PATHS = "$(inherited) @executable_path/Frameworks @loader_path/Frameworks";
				PRODUCT_BUNDLE_IDENTIFIER = com.tsystems.FlashcardTests;
				PRODUCT_NAME = "$(TARGET_NAME)";
				TEST_HOST = "$(BUILT_PRODUCTS_DIR)/Flashcard.app/Flashcard";
			};
			name = Release;
		};
		5EB74E871BDE1F8900FD62FE /* Debug */ = {
			isa = XCBuildConfiguration;
			buildSettings = {
				INFOPLIST_FILE = FlashcardUITests/Info.plist;
				LD_RUNPATH_SEARCH_PATHS = "$(inherited) @executable_path/Frameworks @loader_path/Frameworks";
				PRODUCT_BUNDLE_IDENTIFIER = com.tsystems.FlashcardUITests;
				PRODUCT_NAME = "$(TARGET_NAME)";
				TEST_TARGET_NAME = Flashcard;
				USES_XCTRUNNER = YES;
			};
			name = Debug;
		};
		5EB74E881BDE1F8900FD62FE /* Release */ = {
			isa = XCBuildConfiguration;
			buildSettings = {
				INFOPLIST_FILE = FlashcardUITests/Info.plist;
				LD_RUNPATH_SEARCH_PATHS = "$(inherited) @executable_path/Frameworks @loader_path/Frameworks";
				PRODUCT_BUNDLE_IDENTIFIER = com.tsystems.FlashcardUITests;
				PRODUCT_NAME = "$(TARGET_NAME)";
				TEST_TARGET_NAME = Flashcard;
				USES_XCTRUNNER = YES;
			};
			name = Release;
		};
/* End XCBuildConfiguration section */

/* Begin XCConfigurationList section */
		5EB74E531BDE1F8900FD62FE /* Build configuration list for PBXProject "Flashcard" */ = {
			isa = XCConfigurationList;
			buildConfigurations = (
				5EB74E7E1BDE1F8900FD62FE /* Debug */,
				5EB74E7F1BDE1F8900FD62FE /* Release */,
			);
			defaultConfigurationIsVisible = 0;
			defaultConfigurationName = Release;
		};
		5EB74E801BDE1F8900FD62FE /* Build configuration list for PBXNativeTarget "Flashcard" */ = {
			isa = XCConfigurationList;
			buildConfigurations = (
				5EB74E811BDE1F8900FD62FE /* Debug */,
				5EB74E821BDE1F8900FD62FE /* Release */,
			);
			defaultConfigurationIsVisible = 0;
			defaultConfigurationName = Release;
		};
		5EB74E831BDE1F8900FD62FE /* Build configuration list for PBXNativeTarget "FlashcardTests" */ = {
			isa = XCConfigurationList;
			buildConfigurations = (
				5EB74E841BDE1F8900FD62FE /* Debug */,
				5EB74E851BDE1F8900FD62FE /* Release */,
			);
			defaultConfigurationIsVisible = 0;
			defaultConfigurationName = Release;
		};
		5EB74E861BDE1F8900FD62FE /* Build configuration list for PBXNativeTarget "FlashcardUITests" */ = {
			isa = XCConfigurationList;
			buildConfigurations = (
				5EB74E871BDE1F8900FD62FE /* Debug */,
				5EB74E881BDE1F8900FD62FE /* Release */,
			);
			defaultConfigurationIsVisible = 0;
			defaultConfigurationName = Release;
		};
/* End XCConfigurationList section */

/* Begin XCVersionGroup section */
		5E8A8B861BE20D9B00673349 /* Flashcards.xcdatamodeld */ = {
			isa = XCVersionGroup;
			children = (
				5E8A8B911BE229D400673349 /* Flashcards 2.xcdatamodel */,
				5E8A8B871BE20D9B00673349 /* Flashcards.xcdatamodel */,
			);
			currentVersion = 5E8A8B911BE229D400673349 /* Flashcards 2.xcdatamodel */;
			path = Flashcards.xcdatamodeld;
			sourceTree = "<group>";
			versionGroupType = wrapper.xcdatamodel;
		};
/* End XCVersionGroup section */
	};
	rootObject = 5EB74E501BDE1F8900FD62FE /* Project object */;
}
